
Microsoft Visual Studio Solution File, Format Version 12.00
# Visual Studio 14
VisualStudioVersion = 14.0.25420.1
MinimumVisualStudioVersion = 10.0.40219.1
Project("{2150E333-8FDC-42A3-9474-1A3956D46DE8}") = "src", "src", "{7DB151C3-9662-414F-84EF-7C6BD40C8AC6}"
EndProject
Project("{FAE04EC0-301F-11D3-BF4B-00C04F79EFBC}") = "Hunspell.NetCore", "src\Hunspell.NetCore\Hunspell.NetCore.csproj", "{4F32FF2A-9DBF-4DA4-8600-D2788B94C6CB}"
EndProject
Project("{2150E333-8FDC-42A3-9474-1A3956D46DE8}") = "Solution Items", "Solution Items", "{312E1AA7-E8A4-4AEB-8D9D-6327A0ED57FB}"
	ProjectSection(SolutionItems) = preProject
		appveyor.yml = appveyor.yml
		GitVersion.yml = GitVersion.yml
		SharedAssemblyInfo.cs = SharedAssemblyInfo.cs
	EndProjectSection
EndProject
Project("{8BB2217D-0F2D-49D1-97BC-3654ED321F3B}") = "Hunspell.NetCore.CoreBuild", "src\Hunspell.NetCore\Hunspell.NetCore.CoreBuild.xproj", "{1650CC3A-03F8-48B0-962C-5EAC0D6A4EC9}"
EndProject
Project("{2150E333-8FDC-42A3-9474-1A3956D46DE8}") = "test", "test", "{97D2DB91-AE3A-44AE-9FA3-43557AA8F5FD}"
EndProject
Project("{FAE04EC0-301F-11D3-BF4B-00C04F79EFBC}") = "Hunspell.NetCore.Tests", "test\Hunspell.NetCore.Tests\Hunspell.NetCore.Tests.csproj", "{9BBF7BFD-2EA4-4C17-8D38-ECACFBBBC922}"
EndProject
Project("{FAE04EC0-301F-11D3-BF4B-00C04F79EFBC}") = "Hunspell.NetCore.Performance.Tests", "test\Hunspell.NetCore.Performance.Tests\Hunspell.NetCore.Performance.Tests.csproj", "{0D9B92F4-F669-427A-95FB-14FC6A555973}"
EndProject
Project("{FAE04EC0-301F-11D3-BF4B-00C04F79EFBC}") = "Hunspell.NetCore.Performance.TestHarness", "test\Hunspell.NetCore.Performance.TestHarness\Hunspell.NetCore.Performance.TestHarness.csproj", "{0002E7C7-3EF1-4AD9-A8E6-31C93DF165DE}"
EndProject
Project("{FAE04EC0-301F-11D3-BF4B-00C04F79EFBC}") = "Hunspell.NetCore.Performance.Comparison", "test\Hunspell.NetCore.Performance.Comparison\Hunspell.NetCore.Performance.Comparison.csproj", "{0EBAB771-D55F-430A-ADBD-EA81D97C94AD}"
EndProject
Global
	GlobalSection(Performance) = preSolution
		HasPerformanceSessions = true
	EndGlobalSection
	GlobalSection(SolutionConfigurationPlatforms) = preSolution
		Debug|Any CPU = Debug|Any CPU
		Release|Any CPU = Release|Any CPU
	EndGlobalSection
	GlobalSection(ProjectConfigurationPlatforms) = postSolution
		{4F32FF2A-9DBF-4DA4-8600-D2788B94C6CB}.Debug|Any CPU.ActiveCfg = Debug|Any CPU
		{4F32FF2A-9DBF-4DA4-8600-D2788B94C6CB}.Debug|Any CPU.Build.0 = Debug|Any CPU
		{4F32FF2A-9DBF-4DA4-8600-D2788B94C6CB}.Release|Any CPU.ActiveCfg = Release|Any CPU
		{4F32FF2A-9DBF-4DA4-8600-D2788B94C6CB}.Release|Any CPU.Build.0 = Release|Any CPU
		{1650CC3A-03F8-48B0-962C-5EAC0D6A4EC9}.Debug|Any CPU.ActiveCfg = Debug|Any CPU
		{1650CC3A-03F8-48B0-962C-5EAC0D6A4EC9}.Debug|Any CPU.Build.0 = Debug|Any CPU
		{1650CC3A-03F8-48B0-962C-5EAC0D6A4EC9}.Release|Any CPU.ActiveCfg = Release|Any CPU
		{1650CC3A-03F8-48B0-962C-5EAC0D6A4EC9}.Release|Any CPU.Build.0 = Release|Any CPU
		{9BBF7BFD-2EA4-4C17-8D38-ECACFBBBC922}.Debug|Any CPU.ActiveCfg = Debug|Any CPU
		{9BBF7BFD-2EA4-4C17-8D38-ECACFBBBC922}.Debug|Any CPU.Build.0 = Debug|Any CPU
		{9BBF7BFD-2EA4-4C17-8D38-ECACFBBBC922}.Release|Any CPU.ActiveCfg = Release|Any CPU
		{9BBF7BFD-2EA4-4C17-8D38-ECACFBBBC922}.Release|Any CPU.Build.0 = Release|Any CPU
		{0D9B92F4-F669-427A-95FB-14FC6A555973}.Debug|Any CPU.ActiveCfg = Debug|Any CPU
		{0D9B92F4-F669-427A-95FB-14FC6A555973}.Debug|Any CPU.Build.0 = Debug|Any CPU
		{0D9B92F4-F669-427A-95FB-14FC6A555973}.Release|Any CPU.ActiveCfg = Release|Any CPU
		{0D9B92F4-F669-427A-95FB-14FC6A555973}.Release|Any CPU.Build.0 = Release|Any CPU
		{0002E7C7-3EF1-4AD9-A8E6-31C93DF165DE}.Debug|Any CPU.ActiveCfg = Debug|Any CPU
		{0002E7C7-3EF1-4AD9-A8E6-31C93DF165DE}.Debug|Any CPU.Build.0 = Debug|Any CPU
		{0002E7C7-3EF1-4AD9-A8E6-31C93DF165DE}.Release|Any CPU.ActiveCfg = Release|Any CPU
		{0002E7C7-3EF1-4AD9-A8E6-31C93DF165DE}.Release|Any CPU.Build.0 = Release|Any CPU
		{0EBAB771-D55F-430A-ADBD-EA81D97C94AD}.Debug|Any CPU.ActiveCfg = Debug|Any CPU
		{0EBAB771-D55F-430A-ADBD-EA81D97C94AD}.Debug|Any CPU.Build.0 = Debug|Any CPU
		{0EBAB771-D55F-430A-ADBD-EA81D97C94AD}.Release|Any CPU.ActiveCfg = Release|Any CPU
		{0EBAB771-D55F-430A-ADBD-EA81D97C94AD}.Release|Any CPU.Build.0 = Release|Any CPU
	EndGlobalSection
	GlobalSection(SolutionProperties) = preSolution
		HideSolutionNode = FALSE
	EndGlobalSection
	GlobalSection(NestedProjects) = preSolution
		{4F32FF2A-9DBF-4DA4-8600-D2788B94C6CB} = {7DB151C3-9662-414F-84EF-7C6BD40C8AC6}
		{1650CC3A-03F8-48B0-962C-5EAC0D6A4EC9} = {7DB151C3-9662-414F-84EF-7C6BD40C8AC6}
		{9BBF7BFD-2EA4-4C17-8D38-ECACFBBBC922} = {97D2DB91-AE3A-44AE-9FA3-43557AA8F5FD}
		{0D9B92F4-F669-427A-95FB-14FC6A555973} = {97D2DB91-AE3A-44AE-9FA3-43557AA8F5FD}
		{0002E7C7-3EF1-4AD9-A8E6-31C93DF165DE} = {97D2DB91-AE3A-44AE-9FA3-43557AA8F5FD}
		{0EBAB771-D55F-430A-ADBD-EA81D97C94AD} = {97D2DB91-AE3A-44AE-9FA3-43557AA8F5FD}
	EndGlobalSection
EndGlobal
